// !$*UTF8*$!
{
	archiveVersion = 1;
	classes = {
	};
	objectVersion = 55;
	objects = {

/* Begin PBXBuildFile section */
		6C164A1D3A0FE7830A83216D /* Pods_Vote.framework in Frameworks */ = {isa = PBXBuildFile; fileRef = 095B25F57D3412CFB6F5B32D /* Pods_Vote.framework */; };
		A815F8EC2765D35B00A24D18 /* MyVoteViewController.swift in Sources */ = {isa = PBXBuildFile; fileRef = A815F8EB2765D35B00A24D18 /* MyVoteViewController.swift */; };
		A84E1E80277AD65F006503DB /* extensions.swift in Sources */ = {isa = PBXBuildFile; fileRef = A84E1E7F277AD65F006503DB /* extensions.swift */; };
		A867C8EE2759F32A00680099 /* VoteViewController.swift in Sources */ = {isa = PBXBuildFile; fileRef = A867C8ED2759F32A00680099 /* VoteViewController.swift */; };
		A867C8F02759F63A00680099 /* Answer.swift in Sources */ = {isa = PBXBuildFile; fileRef = A867C8EF2759F63A00680099 /* Answer.swift */; };
		A86C3E282755E298009AEDBE /* HomeViewController.swift in Sources */ = {isa = PBXBuildFile; fileRef = A86C3E272755E298009AEDBE /* HomeViewController.swift */; };
		A86C3E2A2755E3CF009AEDBE /* NewVoteViewController.swift in Sources */ = {isa = PBXBuildFile; fileRef = A86C3E292755E3CF009AEDBE /* NewVoteViewController.swift */; };
		A86C3E2C2755E57D009AEDBE /* Question.swift in Sources */ = {isa = PBXBuildFile; fileRef = A86C3E2B2755E57C009AEDBE /* Question.swift */; };
		A896EFA1275639CB00B2A227 /* Vote.swift in Sources */ = {isa = PBXBuildFile; fileRef = A896EFA0275639CB00B2A227 /* Vote.swift */; };
		A896EFA327563AFA00B2A227 /* enums.swift in Sources */ = {isa = PBXBuildFile; fileRef = A896EFA227563AFA00B2A227 /* enums.swift */; };
		A8DFAAED274FE59000E4A7F2 /* AppDelegate.swift in Sources */ = {isa = PBXBuildFile; fileRef = A8DFAAEC274FE59000E4A7F2 /* AppDelegate.swift */; };
		A8DFAAEF274FE59000E4A7F2 /* SceneDelegate.swift in Sources */ = {isa = PBXBuildFile; fileRef = A8DFAAEE274FE59000E4A7F2 /* SceneDelegate.swift */; };
		A8DFAAF1274FE59000E4A7F2 /* ViewController.swift in Sources */ = {isa = PBXBuildFile; fileRef = A8DFAAF0274FE59000E4A7F2 /* ViewController.swift */; };
		A8DFAAF4274FE59000E4A7F2 /* Main.storyboard in Resources */ = {isa = PBXBuildFile; fileRef = A8DFAAF2274FE59000E4A7F2 /* Main.storyboard */; };
		A8DFAAF6274FE59200E4A7F2 /* Assets.xcassets in Resources */ = {isa = PBXBuildFile; fileRef = A8DFAAF5274FE59200E4A7F2 /* Assets.xcassets */; };
		A8DFAAF9274FE59200E4A7F2 /* LaunchScreen.storyboard in Resources */ = {isa = PBXBuildFile; fileRef = A8DFAAF7274FE59200E4A7F2 /* LaunchScreen.storyboard */; };
		A8E5AA732784681A00AF4CCA /* LoginViewController.swift in Sources */ = {isa = PBXBuildFile; fileRef = A8E5AA722784681A00AF4CCA /* LoginViewController.swift */; };
		A8E5AA752784700600AF4CCA /* User.swift in Sources */ = {isa = PBXBuildFile; fileRef = A8E5AA742784700600AF4CCA /* User.swift */; };
		A8E5AA77278470A400AF4CCA /* SigninViewController.swift in Sources */ = {isa = PBXBuildFile; fileRef = A8E5AA76278470A400AF4CCA /* SigninViewController.swift */; };
/* End PBXBuildFile section */

/* Begin PBXFileReference section */
		095B25F57D3412CFB6F5B32D /* Pods_Vote.framework */ = {isa = PBXFileReference; explicitFileType = wrapper.framework; includeInIndex = 0; path = Pods_Vote.framework; sourceTree = BUILT_PRODUCTS_DIR; };
		126E1A23C9CBF9BF32F9003D /* Pods-Vote.release.xcconfig */ = {isa = PBXFileReference; includeInIndex = 1; lastKnownFileType = text.xcconfig; name = "Pods-Vote.release.xcconfig"; path = "Target Support Files/Pods-Vote/Pods-Vote.release.xcconfig"; sourceTree = "<group>"; };
		82EAD5A2273C3D85236C6772 /* Pods-Vote.debug.xcconfig */ = {isa = PBXFileReference; includeInIndex = 1; lastKnownFileType = text.xcconfig; name = "Pods-Vote.debug.xcconfig"; path = "Target Support Files/Pods-Vote/Pods-Vote.debug.xcconfig"; sourceTree = "<group>"; };
		A815F8EB2765D35B00A24D18 /* MyVoteViewController.swift */ = {isa = PBXFileReference; lastKnownFileType = sourcecode.swift; path = MyVoteViewController.swift; sourceTree = "<group>"; };
		A84E1E7F277AD65F006503DB /* extensions.swift */ = {isa = PBXFileReference; lastKnownFileType = sourcecode.swift; path = extensions.swift; sourceTree = "<group>"; };
		A867C8ED2759F32A00680099 /* VoteViewController.swift */ = {isa = PBXFileReference; lastKnownFileType = sourcecode.swift; path = VoteViewController.swift; sourceTree = "<group>"; };
		A867C8EF2759F63A00680099 /* Answer.swift */ = {isa = PBXFileReference; lastKnownFileType = sourcecode.swift; path = Answer.swift; sourceTree = "<group>"; };
		A86C3E272755E298009AEDBE /* HomeViewController.swift */ = {isa = PBXFileReference; lastKnownFileType = sourcecode.swift; path = HomeViewController.swift; sourceTree = "<group>"; };
		A86C3E292755E3CF009AEDBE /* NewVoteViewController.swift */ = {isa = PBXFileReference; lastKnownFileType = sourcecode.swift; path = NewVoteViewController.swift; sourceTree = "<group>"; };
		A86C3E2B2755E57C009AEDBE /* Question.swift */ = {isa = PBXFileReference; lastKnownFileType = sourcecode.swift; path = Question.swift; sourceTree = "<group>"; };
		A896EFA0275639CB00B2A227 /* Vote.swift */ = {isa = PBXFileReference; lastKnownFileType = sourcecode.swift; path = Vote.swift; sourceTree = "<group>"; };
		A896EFA227563AFA00B2A227 /* enums.swift */ = {isa = PBXFileReference; lastKnownFileType = sourcecode.swift; path = enums.swift; sourceTree = "<group>"; };
		A8DFAAE9274FE59000E4A7F2 /* Vote.app */ = {isa = PBXFileReference; explicitFileType = wrapper.application; includeInIndex = 0; path = Vote.app; sourceTree = BUILT_PRODUCTS_DIR; };
		A8DFAAEC274FE59000E4A7F2 /* AppDelegate.swift */ = {isa = PBXFileReference; lastKnownFileType = sourcecode.swift; path = AppDelegate.swift; sourceTree = "<group>"; };
		A8DFAAEE274FE59000E4A7F2 /* SceneDelegate.swift */ = {isa = PBXFileReference; lastKnownFileType = sourcecode.swift; path = SceneDelegate.swift; sourceTree = "<group>"; };
		A8DFAAF0274FE59000E4A7F2 /* ViewController.swift */ = {isa = PBXFileReference; lastKnownFileType = sourcecode.swift; path = ViewController.swift; sourceTree = "<group>"; };
		A8DFAAF3274FE59000E4A7F2 /* Base */ = {isa = PBXFileReference; lastKnownFileType = file.storyboard; name = Base; path = Base.lproj/Main.storyboard; sourceTree = "<group>"; };
		A8DFAAF5274FE59200E4A7F2 /* Assets.xcassets */ = {isa = PBXFileReference; lastKnownFileType = folder.assetcatalog; path = Assets.xcassets; sourceTree = "<group>"; };
		A8DFAAF8274FE59200E4A7F2 /* Base */ = {isa = PBXFileReference; lastKnownFileType = file.storyboard; name = Base; path = Base.lproj/LaunchScreen.storyboard; sourceTree = "<group>"; };
		A8DFAAFA274FE59200E4A7F2 /* Info.plist */ = {isa = PBXFileReference; lastKnownFileType = text.plist.xml; path = Info.plist; sourceTree = "<group>"; };
		A8E5AA722784681A00AF4CCA /* LoginViewController.swift */ = {isa = PBXFileReference; lastKnownFileType = sourcecode.swift; path = LoginViewController.swift; sourceTree = "<group>"; };
		A8E5AA742784700600AF4CCA /* User.swift */ = {isa = PBXFileReference; lastKnownFileType = sourcecode.swift; path = User.swift; sourceTree = "<group>"; };
		A8E5AA76278470A400AF4CCA /* SigninViewController.swift */ = {isa = PBXFileReference; lastKnownFileType = sourcecode.swift; path = SigninViewController.swift; sourceTree = "<group>"; };
/* End PBXFileReference section */

/* Begin PBXFrameworksBuildPhase section */
		A8DFAAE6274FE59000E4A7F2 /* Frameworks */ = {
			isa = PBXFrameworksBuildPhase;
			buildActionMask = 2147483647;
			files = (
				6C164A1D3A0FE7830A83216D /* Pods_Vote.framework in Frameworks */,
			);
			runOnlyForDeploymentPostprocessing = 0;
		};
/* End PBXFrameworksBuildPhase section */

/* Begin PBXGroup section */
		A896EFA4275645D000B2A227 /* ViewController */ = {
			isa = PBXGroup;
			children = (
				A86C3E272755E298009AEDBE /* HomeViewController.swift */,
				A86C3E292755E3CF009AEDBE /* NewVoteViewController.swift */,
				A867C8ED2759F32A00680099 /* VoteViewController.swift */,
				A815F8EB2765D35B00A24D18 /* MyVoteViewController.swift */,
				A8E5AA722784681A00AF4CCA /* LoginViewController.swift */,
				A8E5AA76278470A400AF4CCA /* SigninViewController.swift */,
			);
			path = ViewController;
			sourceTree = "<group>";
		};
		A896EFA5275645E200B2A227 /* Model */ = {
			isa = PBXGroup;
			children = (
				A86C3E2B2755E57C009AEDBE /* Question.swift */,
				A896EFA0275639CB00B2A227 /* Vote.swift */,
				A867C8EF2759F63A00680099 /* Answer.swift */,
				A8E5AA742784700600AF4CCA /* User.swift */,
			);
			path = Model;
			sourceTree = "<group>";
		};
		A896EFA62756460F00B2A227 /* Storyboard */ = {
			isa = PBXGroup;
			children = (
				A8DFAAF2274FE59000E4A7F2 /* Main.storyboard */,
				A8DFAAF7274FE59200E4A7F2 /* LaunchScreen.storyboard */,
			);
			path = Storyboard;
			sourceTree = "<group>";
		};
		A8DFAAE0274FE59000E4A7F2 = {
			isa = PBXGroup;
			children = (
				A8DFAAEB274FE59000E4A7F2 /* Vote */,
				A8DFAAEA274FE59000E4A7F2 /* Products */,
				F3F7F786A52FB123CF666AFD /* Pods */,
				AA24216B9ACBD4DA0E56E350 /* Frameworks */,
			);
			sourceTree = "<group>";
		};
		A8DFAAEA274FE59000E4A7F2 /* Products */ = {
			isa = PBXGroup;
			children = (
				A8DFAAE9274FE59000E4A7F2 /* Vote.app */,
			);
			name = Products;
			sourceTree = "<group>";
		};
		A8DFAAEB274FE59000E4A7F2 /* Vote */ = {
			isa = PBXGroup;
			children = (
				A896EFA62756460F00B2A227 /* Storyboard */,
				A896EFA5275645E200B2A227 /* Model */,
				A896EFA4275645D000B2A227 /* ViewController */,
				A8DFAAEC274FE59000E4A7F2 /* AppDelegate.swift */,
				A8DFAAEE274FE59000E4A7F2 /* SceneDelegate.swift */,
				A8DFAAF0274FE59000E4A7F2 /* ViewController.swift */,
				A84E1E7F277AD65F006503DB /* extensions.swift */,
				A896EFA227563AFA00B2A227 /* enums.swift */,
				A8DFAAF5274FE59200E4A7F2 /* Assets.xcassets */,
				A8DFAAFA274FE59200E4A7F2 /* Info.plist */,
			);
			path = Vote;
			sourceTree = "<group>";
		};
		AA24216B9ACBD4DA0E56E350 /* Frameworks */ = {
			isa = PBXGroup;
			children = (
				095B25F57D3412CFB6F5B32D /* Pods_Vote.framework */,
			);
			name = Frameworks;
			sourceTree = "<group>";
		};
		F3F7F786A52FB123CF666AFD /* Pods */ = {
			isa = PBXGroup;
			children = (
				82EAD5A2273C3D85236C6772 /* Pods-Vote.debug.xcconfig */,
				126E1A23C9CBF9BF32F9003D /* Pods-Vote.release.xcconfig */,
			);
			path = Pods;
			sourceTree = "<group>";
		};
/* End PBXGroup section */

/* Begin PBXNativeTarget section */
		A8DFAAE8274FE59000E4A7F2 /* Vote */ = {
			isa = PBXNativeTarget;
			buildConfigurationList = A8DFAAFD274FE59200E4A7F2 /* Build configuration list for PBXNativeTarget "Vote" */;
			buildPhases = (
				6774A9C465A35E9C9F0FB326 /* [CP] Check Pods Manifest.lock */,
				A8DFAAE5274FE59000E4A7F2 /* Sources */,
				A8DFAAE6274FE59000E4A7F2 /* Frameworks */,
				A8DFAAE7274FE59000E4A7F2 /* Resources */,
				6B30B50B85D095F8713E6E14 /* [CP] Embed Pods Frameworks */,
			);
			buildRules = (
			);
			dependencies = (
			);
			name = Vote;
			productName = Vote;
			productReference = A8DFAAE9274FE59000E4A7F2 /* Vote.app */;
			productType = "com.apple.product-type.application";
		};
/* End PBXNativeTarget section */

/* Begin PBXProject section */
		A8DFAAE1274FE59000E4A7F2 /* Project object */ = {
			isa = PBXProject;
			attributes = {
				BuildIndependentTargetsInParallel = 1;
				LastSwiftUpdateCheck = 1300;
				LastUpgradeCheck = 1300;
				TargetAttributes = {
					A8DFAAE8274FE59000E4A7F2 = {
						CreatedOnToolsVersion = 13.0;
					};
				};
			};
			buildConfigurationList = A8DFAAE4274FE59000E4A7F2 /* Build configuration list for PBXProject "Vote" */;
			compatibilityVersion = "Xcode 13.0";
			developmentRegion = en;
			hasScannedForEncodings = 0;
			knownRegions = (
				en,
				Base,
			);
			mainGroup = A8DFAAE0274FE59000E4A7F2;
			productRefGroup = A8DFAAEA274FE59000E4A7F2 /* Products */;
			projectDirPath = "";
			projectRoot = "";
			targets = (
				A8DFAAE8274FE59000E4A7F2 /* Vote */,
			);
		};
/* End PBXProject section */

/* Begin PBXResourcesBuildPhase section */
		A8DFAAE7274FE59000E4A7F2 /* Resources */ = {
			isa = PBXResourcesBuildPhase;
			buildActionMask = 2147483647;
			files = (
				A8DFAAF9274FE59200E4A7F2 /* LaunchScreen.storyboard in Resources */,
				A8DFAAF6274FE59200E4A7F2 /* Assets.xcassets in Resources */,
				A8DFAAF4274FE59000E4A7F2 /* Main.storyboard in Resources */,
			);
			runOnlyForDeploymentPostprocessing = 0;
		};
/* End PBXResourcesBuildPhase section */

/* Begin PBXShellScriptBuildPhase section */
		6774A9C465A35E9C9F0FB326 /* [CP] Check Pods Manifest.lock */ = {
			isa = PBXShellScriptBuildPhase;
			buildActionMask = 2147483647;
			files = (
			);
			inputFileListPaths = (
			);
			inputPaths = (
				"${PODS_PODFILE_DIR_PATH}/Podfile.lock",
				"${PODS_ROOT}/Manifest.lock",
			);
			name = "[CP] Check Pods Manifest.lock";
			outputFileListPaths = (
			);
			outputPaths = (
				"$(DERIVED_FILE_DIR)/Pods-Vote-checkManifestLockResult.txt",
			);
			runOnlyForDeploymentPostprocessing = 0;
			shellPath = /bin/sh;
			shellScript = "diff \"${PODS_PODFILE_DIR_PATH}/Podfile.lock\" \"${PODS_ROOT}/Manifest.lock\" > /dev/null\nif [ $? != 0 ] ; then\n    # print error to STDERR\n    echo \"error: The sandbox is not in sync with the Podfile.lock. Run 'pod install' or update your CocoaPods installation.\" >&2\n    exit 1\nfi\n# This output is used by Xcode 'outputs' to avoid re-running this script phase.\necho \"SUCCESS\" > \"${SCRIPT_OUTPUT_FILE_0}\"\n";
			showEnvVarsInLog = 0;
		};
		6B30B50B85D095F8713E6E14 /* [CP] Embed Pods Frameworks */ = {
			isa = PBXShellScriptBuildPhase;
			buildActionMask = 2147483647;
			files = (
			);
			inputFileListPaths = (
				"${PODS_ROOT}/Target Support Files/Pods-Vote/Pods-Vote-frameworks-${CONFIGURATION}-input-files.xcfilelist",
			);
			name = "[CP] Embed Pods Frameworks";
			outputFileListPaths = (
				"${PODS_ROOT}/Target Support Files/Pods-Vote/Pods-Vote-frameworks-${CONFIGURATION}-output-files.xcfilelist",
			);
			runOnlyForDeploymentPostprocessing = 0;
			shellPath = /bin/sh;
			shellScript = "\"${PODS_ROOT}/Target Support Files/Pods-Vote/Pods-Vote-frameworks.sh\"\n";
			showEnvVarsInLog = 0;
		};
/* End PBXShellScriptBuildPhase section */

/* Begin PBXSourcesBuildPhase section */
		A8DFAAE5274FE59000E4A7F2 /* Sources */ = {
			isa = PBXSourcesBuildPhase;
			buildActionMask = 2147483647;
			files = (
				A86C3E2C2755E57D009AEDBE /* Question.swift in Sources */,
				A896EFA1275639CB00B2A227 /* Vote.swift in Sources */,
				A8DFAAF1274FE59000E4A7F2 /* ViewController.swift in Sources */,
				A8DFAAED274FE59000E4A7F2 /* AppDelegate.swift in Sources */,
				A8DFAAEF274FE59000E4A7F2 /* SceneDelegate.swift in Sources */,
				A867C8F02759F63A00680099 /* Answer.swift in Sources */,
				A815F8EC2765D35B00A24D18 /* MyVoteViewController.swift in Sources */,
				A896EFA327563AFA00B2A227 /* enums.swift in Sources */,
				A867C8EE2759F32A00680099 /* VoteViewController.swift in Sources */,
				A86C3E282755E298009AEDBE /* HomeViewController.swift in Sources */,
				A8E5AA752784700600AF4CCA /* User.swift in Sources */,
				A8E5AA77278470A400AF4CCA /* SigninViewController.swift in Sources */,
				A86C3E2A2755E3CF009AEDBE /* NewVoteViewController.swift in Sources */,
				A8E5AA732784681A00AF4CCA /* LoginViewController.swift in Sources */,
				A84E1E80277AD65F006503DB /* extensions.swift in Sources */,
			);
			runOnlyForDeploymentPostprocessing = 0;
		};
/* End PBXSourcesBuildPhase section */

/* Begin PBXVariantGroup section */
		A8DFAAF2274FE59000E4A7F2 /* Main.storyboard */ = {
			isa = PBXVariantGroup;
			children = (
				A8DFAAF3274FE59000E4A7F2 /* Base */,
			);
			name = Main.storyboard;
			sourceTree = "<group>";
		};
		A8DFAAF7274FE59200E4A7F2 /* LaunchScreen.storyboard */ = {
			isa = PBXVariantGroup;
			children = (
				A8DFAAF8274FE59200E4A7F2 /* Base */,
			);
			name = LaunchScreen.storyboard;
			sourceTree = "<group>";
		};
/* End PBXVariantGroup section */

/* Begin XCBuildConfiguration section */
		A8DFAAFB274FE59200E4A7F2 /* Debug */ = {
			isa = XCBuildConfiguration;
			buildSettings = {
				ALWAYS_SEARCH_USER_PATHS = NO;
				CLANG_ANALYZER_NONNULL = YES;
				CLANG_ANALYZER_NUMBER_OBJECT_CONVERSION = YES_AGGRESSIVE;
				CLANG_CXX_LANGUAGE_STANDARD = "gnu++17";
				CLANG_CXX_LIBRARY = "libc++";
				CLANG_ENABLE_MODULES = YES;
				CLANG_ENABLE_OBJC_ARC = YES;
				CLANG_ENABLE_OBJC_WEAK = YES;
				CLANG_WARN_BLOCK_CAPTURE_AUTORELEASING = YES;
				CLANG_WARN_BOOL_CONVERSION = YES;
				CLANG_WARN_COMMA = YES;
				CLANG_WARN_CONSTANT_CONVERSION = YES;
				CLANG_WARN_DEPRECATED_OBJC_IMPLEMENTATIONS = YES;
				CLANG_WARN_DIRECT_OBJC_ISA_USAGE = YES_ERROR;
				CLANG_WARN_DOCUMENTATION_COMMENTS = YES;
				CLANG_WARN_EMPTY_BODY = YES;
				CLANG_WARN_ENUM_CONVERSION = YES;
				CLANG_WARN_INFINITE_RECURSION = YES;
				CLANG_WARN_INT_CONVERSION = YES;
				CLANG_WARN_NON_LITERAL_NULL_CONVERSION = YES;
				CLANG_WARN_OBJC_IMPLICIT_RETAIN_SELF = YES;
				CLANG_WARN_OBJC_LITERAL_CONVERSION = YES;
				CLANG_WARN_OBJC_ROOT_CLASS = YES_ERROR;
				CLANG_WARN_QUOTED_INCLUDE_IN_FRAMEWORK_HEADER = YES;
				CLANG_WARN_RANGE_LOOP_ANALYSIS = YES;
				CLANG_WARN_STRICT_PROTOTYPES = YES;
				CLANG_WARN_SUSPICIOUS_MOVE = YES;
				CLANG_WARN_UNGUARDED_AVAILABILITY = YES_AGGRESSIVE;
				CLANG_WARN_UNREACHABLE_CODE = YES;
				CLANG_WARN__DUPLICATE_METHOD_MATCH = YES;
				COPY_PHASE_STRIP = NO;
				DEBUG_INFORMATION_FORMAT = dwarf;
				ENABLE_STRICT_OBJC_MSGSEND = YES;
				ENABLE_TESTABILITY = YES;
				GCC_C_LANGUAGE_STANDARD = gnu11;
				GCC_DYNAMIC_NO_PIC = NO;
				GCC_NO_COMMON_BLOCKS = YES;
				GCC_OPTIMIZATION_LEVEL = 0;
				GCC_PREPROCESSOR_DEFINITIONS = (
					"DEBUG=1",
					"$(inherited)",
				);
				GCC_WARN_64_TO_32_BIT_CONVERSION = YES;
				GCC_WARN_ABOUT_RETURN_TYPE = YES_ERROR;
				GCC_WARN_UNDECLARED_SELECTOR = YES;
				GCC_WARN_UNINITIALIZED_AUTOS = YES_AGGRESSIVE;
				GCC_WARN_UNUSED_FUNCTION = YES;
				GCC_WARN_UNUSED_VARIABLE = YES;
				IPHONEOS_DEPLOYMENT_TARGET = 15.0;
				MTL_ENABLE_DEBUG_INFO = INCLUDE_SOURCE;
				MTL_FAST_MATH = YES;
				ONLY_ACTIVE_ARCH = YES;
				SDKROOT = iphoneos;
				SWIFT_ACTIVE_COMPILATION_CONDITIONS = DEBUG;
				SWIFT_OPTIMIZATION_LEVEL = "-Onone";
			};
			name = Debug;
		};
		A8DFAAFC274FE59200E4A7F2 /* Release */ = {
			isa = XCBuildConfiguration;
			buildSettings = {
				ALWAYS_SEARCH_USER_PATHS = NO;
				CLANG_ANALYZER_NONNULL = YES;
				CLANG_ANALYZER_NUMBER_OBJECT_CONVERSION = YES_AGGRESSIVE;
				CLANG_CXX_LANGUAGE_STANDARD = "gnu++17";
				CLANG_CXX_LIBRARY = "libc++";
				CLANG_ENABLE_MODULES = YES;
				CLANG_ENABLE_OBJC_ARC = YES;
				CLANG_ENABLE_OBJC_WEAK = YES;
				CLANG_WARN_BLOCK_CAPTURE_AUTORELEASING = YES;
				CLANG_WARN_BOOL_CONVERSION = YES;
				CLANG_WARN_COMMA = YES;
				CLANG_WARN_CONSTANT_CONVERSION = YES;
				CLANG_WARN_DEPRECATED_OBJC_IMPLEMENTATIONS = YES;
				CLANG_WARN_DIRECT_OBJC_ISA_USAGE = YES_ERROR;
				CLANG_WARN_DOCUMENTATION_COMMENTS = YES;
				CLANG_WARN_EMPTY_BODY = YES;
				CLANG_WARN_ENUM_CONVERSION = YES;
				CLANG_WARN_INFINITE_RECURSION = YES;
				CLANG_WARN_INT_CONVERSION = YES;
				CLANG_WARN_NON_LITERAL_NULL_CONVERSION = YES;
				CLANG_WARN_OBJC_IMPLICIT_RETAIN_SELF = YES;
				CLANG_WARN_OBJC_LITERAL_CONVERSION = YES;
				CLANG_WARN_OBJC_ROOT_CLASS = YES_ERROR;
				CLANG_WARN_QUOTED_INCLUDE_IN_FRAMEWORK_HEADER = YES;
				CLANG_WARN_RANGE_LOOP_ANALYSIS = YES;
				CLANG_WARN_STRICT_PROTOTYPES = YES;
				CLANG_WARN_SUSPICIOUS_MOVE = YES;
				CLANG_WARN_UNGUARDED_AVAILABILITY = YES_AGGRESSIVE;
				CLANG_WARN_UNREACHABLE_CODE = YES;
				CLANG_WARN__DUPLICATE_METHOD_MATCH = YES;
				COPY_PHASE_STRIP = NO;
				DEBUG_INFORMATION_FORMAT = "dwarf-with-dsym";
				ENABLE_NS_ASSERTIONS = NO;
				ENABLE_STRICT_OBJC_MSGSEND = YES;
				GCC_C_LANGUAGE_STANDARD = gnu11;
				GCC_NO_COMMON_BLOCKS = YES;
				GCC_WARN_64_TO_32_BIT_CONVERSION = YES;
				GCC_WARN_ABOUT_RETURN_TYPE = YES_ERROR;
				GCC_WARN_UNDECLARED_SELECTOR = YES;
				GCC_WARN_UNINITIALIZED_AUTOS = YES_AGGRESSIVE;
				GCC_WARN_UNUSED_FUNCTION = YES;
				GCC_WARN_UNUSED_VARIABLE = YES;
				IPHONEOS_DEPLOYMENT_TARGET = 15.0;
				MTL_ENABLE_DEBUG_INFO = NO;
				MTL_FAST_MATH = YES;
				SDKROOT = iphoneos;
				SWIFT_COMPILATION_MODE = wholemodule;
				SWIFT_OPTIMIZATION_LEVEL = "-O";
				VALIDATE_PRODUCT = YES;
			};
			name = Release;
		};
		A8DFAAFE274FE59200E4A7F2 /* Debug */ = {
			isa = XCBuildConfiguration;
			baseConfigurationReference = 82EAD5A2273C3D85236C6772 /* Pods-Vote.debug.xcconfig */;
			buildSettings = {
				ASSETCATALOG_COMPILER_APPICON_NAME = AppIcon;
				ASSETCATALOG_COMPILER_GLOBAL_ACCENT_COLOR_NAME = AccentColor;
				CODE_SIGN_STYLE = Automatic;
				CURRENT_PROJECT_VERSION = 1;
				DEVELOPMENT_TEAM = 4L7K3ZV8H2;
				GENERATE_INFOPLIST_FILE = YES;
				INFOPLIST_FILE = Vote/Info.plist;
				INFOPLIST_KEY_CFBundleDisplayName = 42Votes;
				INFOPLIST_KEY_UIApplicationSupportsIndirectInputEvents = YES;
				INFOPLIST_KEY_UILaunchStoryboardName = LaunchScreen;
				INFOPLIST_KEY_UIMainStoryboardFile = Main;
				INFOPLIST_KEY_UISupportedInterfaceOrientations = UIInterfaceOrientationPortrait;
				INFOPLIST_KEY_UISupportedInterfaceOrientations_iPad = "UIInterfaceOrientationPortrait UIInterfaceOrientationPortraitUpsideDown UIInterfaceOrientationLandscapeLeft UIInterfaceOrientationLandscapeRight";
				INFOPLIST_KEY_UISupportedInterfaceOrientations_iPhone = "UIInterfaceOrientationPortrait UIInterfaceOrientationLandscapeLeft UIInterfaceOrientationLandscapeRight";
				LD_RUNPATH_SEARCH_PATHS = (
					"$(inherited)",
					"@executable_path/Frameworks",
				);
				MARKETING_VERSION = 1.0;
				PRODUCT_BUNDLE_IDENTIFIER = Seoul42.Vote;
				PRODUCT_NAME = "$(TARGET_NAME)";
				SWIFT_EMIT_LOC_STRINGS = YES;
				SWIFT_VERSION = 5.0;
				TARGETED_DEVICE_FAMILY = 1;
			};
			name = Debug;
		};
		A8DFAAFF274FE59200E4A7F2 /* Release */ = {
			isa = XCBuildConfiguration;
			baseConfigurationReference = 126E1A23C9CBF9BF32F9003D /* Pods-Vote.release.xcconfig */;
			buildSettings = {
				ASSETCATALOG_COMPILER_APPICON_NAME = AppIcon;
				ASSETCATALOG_COMPILER_GLOBAL_ACCENT_COLOR_NAME = AccentColor;
				CODE_SIGN_STYLE = Automatic;
				CURRENT_PROJECT_VERSION = 1;
				DEVELOPMENT_TEAM = 4L7K3ZV8H2;
				GENERATE_INFOPLIST_FILE = YES;
				INFOPLIST_FILE = Vote/Info.plist;
				INFOPLIST_KEY_CFBundleDisplayName = 42Votes;
				INFOPLIST_KEY_UIApplicationSupportsIndirectInputEvents = YES;
				INFOPLIST_KEY_UILaunchStoryboardName = LaunchScreen;
				INFOPLIST_KEY_UIMainStoryboardFile = Main;
				INFOPLIST_KEY_UISupportedInterfaceOrientations = UIInterfaceOrientationPortrait;
				INFOPLIST_KEY_UISupportedInterfaceOrientations_iPad = "UIInterfaceOrientationPortrait UIInterfaceOrientationPortraitUpsideDown UIInterfaceOrientationLandscapeLeft UIInterfaceOrientationLandscapeRight";
				INFOPLIST_KEY_UISupportedInterfaceOrientations_iPhone = "UIInterfaceOrientationPortrait UIInterfaceOrientationLandscapeLeft UIInterfaceOrientationLandscapeRight";
				LD_RUNPATH_SEARCH_PATHS = (
					"$(inherited)",
					"@executable_path/Frameworks",
				);
				MARKETING_VERSION = 1.0;
				PRODUCT_BUNDLE_IDENTIFIER = Seoul42.Vote;
				PRODUCT_NAME = "$(TARGET_NAME)";
				SWIFT_EMIT_LOC_STRINGS = YES;
				SWIFT_VERSION = 5.0;
				TARGETED_DEVICE_FAMILY = 1;
			};
			name = Release;
		};
/* End XCBuildConfiguration section */

/* Begin XCConfigurationList section */
		A8DFAAE4274FE59000E4A7F2 /* Build configuration list for PBXProject "Vote" */ = {
			isa = XCConfigurationList;
			buildConfigurations = (
				A8DFAAFB274FE59200E4A7F2 /* Debug */,
				A8DFAAFC274FE59200E4A7F2 /* Release */,
			);
			defaultConfigurationIsVisible = 0;
			defaultConfigurationName = Release;
		};
		A8DFAAFD274FE59200E4A7F2 /* Build configuration list for PBXNativeTarget "Vote" */ = {
			isa = XCConfigurationList;
			buildConfigurations = (
				A8DFAAFE274FE59200E4A7F2 /* Debug */,
				A8DFAAFF274FE59200E4A7F2 /* Release */,
			);
			defaultConfigurationIsVisible = 0;
			defaultConfigurationName = Release;
		};
/* End XCConfigurationList section */
	};
	rootObject = A8DFAAE1274FE59000E4A7F2 /* Project object */;
}
